// !$*UTF8*$!
{
	archiveVersion = 1;
	classes = {
	};
	objectVersion = 48;
	objects = {

/* Begin PBXBuildFile section */
		91F59E5D20089A0600F59938 /* AppDelegate.swift in Sources */ = {isa = PBXBuildFile; fileRef = 91F59E5C20089A0600F59938 /* AppDelegate.swift */; };
		91F59E5F20089A0600F59938 /* ViewController.swift in Sources */ = {isa = PBXBuildFile; fileRef = 91F59E5E20089A0600F59938 /* ViewController.swift */; };
		91F59E6220089A0600F59938 /* Main.storyboard in Resources */ = {isa = PBXBuildFile; fileRef = 91F59E6020089A0600F59938 /* Main.storyboard */; };
		91F59E6420089A0600F59938 /* Assets.xcassets in Resources */ = {isa = PBXBuildFile; fileRef = 91F59E6320089A0600F59938 /* Assets.xcassets */; };
		91F59E6720089A0600F59938 /* LaunchScreen.storyboard in Resources */ = {isa = PBXBuildFile; fileRef = 91F59E6520089A0600F59938 /* LaunchScreen.storyboard */; };
		91F59E7220089A0600F59938 /* AlgorithmPlaygroundTests.swift in Sources */ = {isa = PBXBuildFile; fileRef = 91F59E7120089A0600F59938 /* AlgorithmPlaygroundTests.swift */; };
/* End PBXBuildFile section */

/* Begin PBXContainerItemProxy section */
		91F59E6E20089A0600F59938 /* PBXContainerItemProxy */ = {
			isa = PBXContainerItemProxy;
			containerPortal = 91F59E5120089A0500F59938 /* Project object */;
			proxyType = 1;
			remoteGlobalIDString = 91F59E5820089A0500F59938;
			remoteInfo = AlgorithmPlayground;
		};
/* End PBXContainerItemProxy section */

/* Begin PBXFileReference section */
		91F59E5920089A0600F59938 /* AlgorithmPlayground.app */ = {isa = PBXFileReference; explicitFileType = wrapper.application; includeInIndex = 0; path = AlgorithmPlayground.app; sourceTree = BUILT_PRODUCTS_DIR; };
		91F59E5C20089A0600F59938 /* AppDelegate.swift */ = {isa = PBXFileReference; lastKnownFileType = sourcecode.swift; path = AppDelegate.swift; sourceTree = "<group>"; };
		91F59E5E20089A0600F59938 /* ViewController.swift */ = {isa = PBXFileReference; lastKnownFileType = sourcecode.swift; path = ViewController.swift; sourceTree = "<group>"; };
		91F59E6120089A0600F59938 /* Base */ = {isa = PBXFileReference; lastKnownFileType = file.storyboard; name = Base; path = Base.lproj/Main.storyboard; sourceTree = "<group>"; };
		91F59E6320089A0600F59938 /* Assets.xcassets */ = {isa = PBXFileReference; lastKnownFileType = folder.assetcatalog; path = Assets.xcassets; sourceTree = "<group>"; };
		91F59E6620089A0600F59938 /* Base */ = {isa = PBXFileReference; lastKnownFileType = file.storyboard; name = Base; path = Base.lproj/LaunchScreen.storyboard; sourceTree = "<group>"; };
		91F59E6820089A0600F59938 /* Info.plist */ = {isa = PBXFileReference; lastKnownFileType = text.plist.xml; path = Info.plist; sourceTree = "<group>"; };
		91F59E6D20089A0600F59938 /* AlgorithmPlaygroundTests.xctest */ = {isa = PBXFileReference; explicitFileType = wrapper.cfbundle; includeInIndex = 0; path = AlgorithmPlaygroundTests.xctest; sourceTree = BUILT_PRODUCTS_DIR; };
		91F59E7120089A0600F59938 /* AlgorithmPlaygroundTests.swift */ = {isa = PBXFileReference; lastKnownFileType = sourcecode.swift; path = AlgorithmPlaygroundTests.swift; sourceTree = "<group>"; };
		91F59E7320089A0600F59938 /* Info.plist */ = {isa = PBXFileReference; lastKnownFileType = text.plist.xml; path = Info.plist; sourceTree = "<group>"; };
/* End PBXFileReference section */

/* Begin PBXFrameworksBuildPhase section */
		91F59E5620089A0500F59938 /* Frameworks */ = {
			isa = PBXFrameworksBuildPhase;
			buildActionMask = 2147483647;
			files = (
			);
			runOnlyForDeploymentPostprocessing = 0;
		};
		91F59E6A20089A0600F59938 /* Frameworks */ = {
			isa = PBXFrameworksBuildPhase;
			buildActionMask = 2147483647;
			files = (
			);
			runOnlyForDeploymentPostprocessing = 0;
		};
/* End PBXFrameworksBuildPhase section */

/* Begin PBXGroup section */
		91F59E5020089A0500F59938 = {
			isa = PBXGroup;
			children = (
				91F59E5B20089A0600F59938 /* AlgorithmPlayground */,
				91F59E7020089A0600F59938 /* AlgorithmPlaygroundTests */,
				91F59E5A20089A0600F59938 /* Products */,
			);
			sourceTree = "<group>";
		};
		91F59E5A20089A0600F59938 /* Products */ = {
			isa = PBXGroup;
			children = (
				91F59E5920089A0600F59938 /* AlgorithmPlayground.app */,
				91F59E6D20089A0600F59938 /* AlgorithmPlaygroundTests.xctest */,
			);
			name = Products;
			sourceTree = "<group>";
		};
		91F59E5B20089A0600F59938 /* AlgorithmPlayground */ = {
			isa = PBXGroup;
			children = (
				91F59E5C20089A0600F59938 /* AppDelegate.swift */,
				91F59E5E20089A0600F59938 /* ViewController.swift */,
				91F59E6020089A0600F59938 /* Main.storyboard */,
				91F59E6320089A0600F59938 /* Assets.xcassets */,
				91F59E6520089A0600F59938 /* LaunchScreen.storyboard */,
				91F59E6820089A0600F59938 /* Info.plist */,
			);
			path = AlgorithmPlayground;
			sourceTree = "<group>";
		};
		91F59E7020089A0600F59938 /* AlgorithmPlaygroundTests */ = {
			isa = PBXGroup;
			children = (
				91F59E7120089A0600F59938 /* AlgorithmPlaygroundTests.swift */,
				91F59E7320089A0600F59938 /* Info.plist */,
			);
			path = AlgorithmPlaygroundTests;
			sourceTree = "<group>";
		};
/* End PBXGroup section */

/* Begin PBXNativeTarget section */
		91F59E5820089A0500F59938 /* AlgorithmPlayground */ = {
			isa = PBXNativeTarget;
			buildConfigurationList = 91F59E7620089A0600F59938 /* Build configuration list for PBXNativeTarget "AlgorithmPlayground" */;
			buildPhases = (
				91F59E5520089A0500F59938 /* Sources */,
				91F59E5620089A0500F59938 /* Frameworks */,
				91F59E5720089A0500F59938 /* Resources */,
			);
			buildRules = (
			);
			dependencies = (
			);
			name = AlgorithmPlayground;
			productName = AlgorithmPlayground;
			productReference = 91F59E5920089A0600F59938 /* AlgorithmPlayground.app */;
			productType = "com.apple.product-type.application";
		};
		91F59E6C20089A0600F59938 /* AlgorithmPlaygroundTests */ = {
			isa = PBXNativeTarget;
			buildConfigurationList = 91F59E7920089A0600F59938 /* Build configuration list for PBXNativeTarget "AlgorithmPlaygroundTests" */;
			buildPhases = (
				91F59E6920089A0600F59938 /* Sources */,
				91F59E6A20089A0600F59938 /* Frameworks */,
				91F59E6B20089A0600F59938 /* Resources */,
			);
			buildRules = (
			);
			dependencies = (
				91F59E6F20089A0600F59938 /* PBXTargetDependency */,
			);
			name = AlgorithmPlaygroundTests;
			productName = AlgorithmPlaygroundTests;
			productReference = 91F59E6D20089A0600F59938 /* AlgorithmPlaygroundTests.xctest */;
			productType = "com.apple.product-type.bundle.unit-test";
		};
/* End PBXNativeTarget section */

/* Begin PBXProject section */
		91F59E5120089A0500F59938 /* Project object */ = {
			isa = PBXProject;
			attributes = {
				LastSwiftUpdateCheck = 0900;
				LastUpgradeCheck = 0900;
				ORGANIZATIONNAME = "Ridvan Ozguvenir";
				TargetAttributes = {
					91F59E5820089A0500F59938 = {
						CreatedOnToolsVersion = 9.0.1;
						ProvisioningStyle = Automatic;
					};
					91F59E6C20089A0600F59938 = {
						CreatedOnToolsVersion = 9.0.1;
						ProvisioningStyle = Automatic;
						TestTargetID = 91F59E5820089A0500F59938;
					};
				};
			};
			buildConfigurationList = 91F59E5420089A0500F59938 /* Build configuration list for PBXProject "AlgorithmPlayground" */;
			compatibilityVersion = "Xcode 8.0";
			developmentRegion = en;
			hasScannedForEncodings = 0;
			knownRegions = (
				en,
				Base,
			);
			mainGroup = 91F59E5020089A0500F59938;
			productRefGroup = 91F59E5A20089A0600F59938 /* Products */;
			projectDirPath = "";
			projectRoot = "";
			targets = (
				91F59E5820089A0500F59938 /* AlgorithmPlayground */,
				91F59E6C20089A0600F59938 /* AlgorithmPlaygroundTests */,
			);
		};
/* End PBXProject section */

/* Begin PBXResourcesBuildPhase section */
		91F59E5720089A0500F59938 /* Resources */ = {
			isa = PBXResourcesBuildPhase;
			buildActionMask = 2147483647;
			files = (
				91F59E6720089A0600F59938 /* LaunchScreen.storyboard in Resources */,
				91F59E6420089A0600F59938 /* Assets.xcassets in Resources */,
				91F59E6220089A0600F59938 /* Main.storyboard in Resources */,
			);
			runOnlyForDeploymentPostprocessing = 0;
		};
		91F59E6B20089A0600F59938 /* Resources */ = {
			isa = PBXResourcesBuildPhase;
			buildActionMask = 2147483647;
			files = (
			);
			runOnlyForDeploymentPostprocessing = 0;
		};
/* End PBXResourcesBuildPhase section */

/* Begin PBXSourcesBuildPhase section */
		91F59E5520089A0500F59938 /* Sources */ = {
			isa = PBXSourcesBuildPhase;
			buildActionMask = 2147483647;
			files = (
				91F59E5F20089A0600F59938 /* ViewController.swift in Sources */,
				91F59E5D20089A0600F59938 /* AppDelegate.swift in Sources */,
			);
			runOnlyForDeploymentPostprocessing = 0;
		};
		91F59E6920089A0600F59938 /* Sources */ = {
			isa = PBXSourcesBuildPhase;
			buildActionMask = 2147483647;
			files = (
				91F59E7220089A0600F59938 /* AlgorithmPlaygroundTests.swift in Sources */,
			);
			runOnlyForDeploymentPostprocessing = 0;
		};
/* End PBXSourcesBuildPhase section */

/* Begin PBXTargetDependency section */
		91F59E6F20089A0600F59938 /* PBXTargetDependency */ = {
			isa = PBXTargetDependency;
			target = 91F59E5820089A0500F59938 /* AlgorithmPlayground */;
			targetProxy = 91F59E6E20089A0600F59938 /* PBXContainerItemProxy */;
		};
/* End PBXTargetDependency section */

/* Begin PBXVariantGroup section */
		91F59E6020089A0600F59938 /* Main.storyboard */ = {
			isa = PBXVariantGroup;
			children = (
				91F59E6120089A0600F59938 /* Base */,
			);
			name = Main.storyboard;
			sourceTree = "<group>";
		};
		91F59E6520089A0600F59938 /* LaunchScreen.storyboard */ = {
			isa = PBXVariantGroup;
			children = (
				91F59E6620089A0600F59938 /* Base */,
			);
			name = LaunchScreen.storyboard;
			sourceTree = "<group>";
		};
/* End PBXVariantGroup section */

/* Begin XCBuildConfiguration section */
		91F59E7420089A0600F59938 /* Debug */ = {
			isa = XCBuildConfiguration;
			buildSettings = {
				ALWAYS_SEARCH_USER_PATHS = NO;
				CLANG_ANALYZER_NONNULL = YES;
				CLANG_ANALYZER_NUMBER_OBJECT_CONVERSION = YES_AGGRESSIVE;
				CLANG_CXX_LANGUAGE_STANDARD = "gnu++14";
				CLANG_CXX_LIBRARY = "libc++";
				CLANG_ENABLE_MODULES = YES;
				CLANG_ENABLE_OBJC_ARC = YES;
				CLANG_WARN_BLOCK_CAPTURE_AUTORELEASING = YES;
				CLANG_WARN_BOOL_CONVERSION = YES;
				CLANG_WARN_COMMA = YES;
				CLANG_WARN_CONSTANT_CONVERSION = YES;
				CLANG_WARN_DIRECT_OBJC_ISA_USAGE = YES_ERROR;
				CLANG_WARN_DOCUMENTATION_COMMENTS = YES;
				CLANG_WARN_EMPTY_BODY = YES;
				CLANG_WARN_ENUM_CONVERSION = YES;
				CLANG_WARN_INFINITE_RECURSION = YES;
				CLANG_WARN_INT_CONVERSION = YES;
				CLANG_WARN_NON_LITERAL_NULL_CONVERSION = YES;
				CLANG_WARN_OBJC_LITERAL_CONVERSION = YES;
				CLANG_WARN_OBJC_ROOT_CLASS = YES_ERROR;
				CLANG_WARN_RANGE_LOOP_ANALYSIS = YES;
				CLANG_WARN_STRICT_PROTOTYPES = YES;
				CLANG_WARN_SUSPICIOUS_MOVE = YES;
				CLANG_WARN_UNGUARDED_AVAILABILITY = YES_AGGRESSIVE;
				CLANG_WARN_UNREACHABLE_CODE = YES;
				CLANG_WARN__DUPLICATE_METHOD_MATCH = YES;
				CODE_SIGN_IDENTITY = "iPhone Developer";
				COPY_PHASE_STRIP = NO;
				DEBUG_INFORMATION_FORMAT = dwarf;
				ENABLE_STRICT_OBJC_MSGSEND = YES;
				ENABLE_TESTABILITY = YES;
				GCC_C_LANGUAGE_STANDARD = gnu11;
				GCC_DYNAMIC_NO_PIC = NO;
				GCC_NO_COMMON_BLOCKS = YES;
				GCC_OPTIMIZATION_LEVEL = 0;
				GCC_PREPROCESSOR_DEFINITIONS = (
					"DEBUG=1",
					"$(inherited)",
				);
				GCC_WARN_64_TO_32_BIT_CONVERSION = YES;
				GCC_WARN_ABOUT_RETURN_TYPE = YES_ERROR;
				GCC_WARN_UNDECLARED_SELECTOR = YES;
				GCC_WARN_UNINITIALIZED_AUTOS = YES_AGGRESSIVE;
				GCC_WARN_UNUSED_FUNCTION = YES;
				GCC_WARN_UNUSED_VARIABLE = YES;
				IPHONEOS_DEPLOYMENT_TARGET = 11.0;
				MTL_ENABLE_DEBUG_INFO = YES;
				ONLY_ACTIVE_ARCH = YES;
				SDKROOT = iphoneos;
				SWIFT_ACTIVE_COMPILATION_CONDITIONS = DEBUG;
				SWIFT_OPTIMIZATION_LEVEL = "-Onone";
			};
			name = Debug;
		};
		91F59E7520089A0600F59938 /* Release */ = {
			isa = XCBuildConfiguration;
			buildSettings = {
				ALWAYS_SEARCH_USER_PATHS = NO;
				CLANG_ANALYZER_NONNULL = YES;
				CLANG_ANALYZER_NUMBER_OBJECT_CONVERSION = YES_AGGRESSIVE;
				CLANG_CXX_LANGUAGE_STANDARD = "gnu++14";
				CLANG_CXX_LIBRARY = "libc++";
				CLANG_ENABLE_MODULES = YES;
				CLANG_ENABLE_OBJC_ARC = YES;
				CLANG_WARN_BLOCK_CAPTURE_AUTORELEASING = YES;
				CLANG_WARN_BOOL_CONVERSION = YES;
				CLANG_WARN_COMMA = YES;
				CLANG_WARN_CONSTANT_CONVERSION = YES;
				CLANG_WARN_DIRECT_OBJC_ISA_USAGE = YES_ERROR;
				CLANG_WARN_DOCUMENTATION_COMMENTS = YES;
				CLANG_WARN_EMPTY_BODY = YES;
				CLANG_WARN_ENUM_CONVERSION = YES;
				CLANG_WARN_INFINITE_RECURSION = YES;
				CLANG_WARN_INT_CONVERSION = YES;
				CLANG_WARN_NON_LITERAL_NULL_CONVERSION = YES;
				CLANG_WARN_OBJC_LITERAL_CONVERSION = YES;
				CLANG_WARN_OBJC_ROOT_CLASS = YES_ERROR;
				CLANG_WARN_RANGE_LOOP_ANALYSIS = YES;
				CLANG_WARN_STRICT_PROTOTYPES = YES;
				CLANG_WARN_SUSPICIOUS_MOVE = YES;
				CLANG_WARN_UNGUARDED_AVAILABILITY = YES_AGGRESSIVE;
				CLANG_WARN_UNREACHABLE_CODE = YES;
				CLANG_WARN__DUPLICATE_METHOD_MATCH = YES;
				CODE_SIGN_IDENTITY = "iPhone Developer";
				COPY_PHASE_STRIP = NO;
				DEBUG_INFORMATION_FORMAT = "dwarf-with-dsym";
				ENABLE_NS_ASSERTIONS = NO;
				ENABLE_STRICT_OBJC_MSGSEND = YES;
				GCC_C_LANGUAGE_STANDARD = gnu11;
				GCC_NO_COMMON_BLOCKS = YES;
				GCC_WARN_64_TO_32_BIT_CONVERSION = YES;
				GCC_WARN_ABOUT_RETURN_TYPE = YES_ERROR;
				GCC_WARN_UNDECLARED_SELECTOR = YES;
				GCC_WARN_UNINITIALIZED_AUTOS = YES_AGGRESSIVE;
				GCC_WARN_UNUSED_FUNCTION = YES;
				GCC_WARN_UNUSED_VARIABLE = YES;
				IPHONEOS_DEPLOYMENT_TARGET = 11.0;
				MTL_ENABLE_DEBUG_INFO = NO;
				SDKROOT = iphoneos;
				SWIFT_OPTIMIZATION_LEVEL = "-Owholemodule";
				VALIDATE_PRODUCT = YES;
			};
			name = Release;
		};
		91F59E7720089A0600F59938 /* Debug */ = {
			isa = XCBuildConfiguration;
			buildSettings = {
				ASSETCATALOG_COMPILER_APPICON_NAME = AppIcon;
				CODE_SIGN_STYLE = Automatic;
				DEVELOPMENT_TEAM = M64UV7ECX7;
				INFOPLIST_FILE = AlgorithmPlayground/Info.plist;
				LD_RUNPATH_SEARCH_PATHS = "$(inherited) @executable_path/Frameworks";
				PRODUCT_BUNDLE_IDENTIFIER = com.algorithm.AlgorithmPlayground;
				PRODUCT_NAME = "$(TARGET_NAME)";
				SWIFT_VERSION = 4.0;
				TARGETED_DEVICE_FAMILY = "1,2";
			};
			name = Debug;
		};
		91F59E7820089A0600F59938 /* Release */ = {
			isa = XCBuildConfiguration;
			buildSettings = {
				ASSETCATALOG_COMPILER_APPICON_NAME = AppIcon;
				CODE_SIGN_STYLE = Automatic;
				DEVELOPMENT_TEAM = M64UV7ECX7;
				INFOPLIST_FILE = AlgorithmPlayground/Info.plist;
				LD_RUNPATH_SEARCH_PATHS = "$(inherited) @executable_path/Frameworks";
				PRODUCT_BUNDLE_IDENTIFIER = com.algorithm.AlgorithmPlayground;
				PRODUCT_NAME = "$(TARGET_NAME)";
				SWIFT_VERSION = 4.0;
				TARGETED_DEVICE_FAMILY = "1,2";
			};
			name = Release;
		};
		91F59E7A20089A0600F59938 /* Debug */ = {
			isa = XCBuildConfiguration;
			buildSettings = {
				ALWAYS_EMBED_SWIFT_STANDARD_LIBRARIES = YES;
				BUNDLE_LOADER = "$(TEST_HOST)";
				CODE_SIGN_STYLE = Automatic;
				DEVELOPMENT_TEAM = M64UV7ECX7;
				INFOPLIST_FILE = AlgorithmPlaygroundTests/Info.plist;
				LD_RUNPATH_SEARCH_PATHS = "$(inherited) @executable_path/Frameworks @loader_path/Frameworks";
				PRODUCT_BUNDLE_IDENTIFIER = com.algorithm.AlgorithmPlaygroundTests;
				PRODUCT_NAME = "$(TARGET_NAME)";
				SWIFT_VERSION = 4.0;
				TARGETED_DEVICE_FAMILY = "1,2";
				TEST_HOST = "$(BUILT_PRODUCTS_DIR)/AlgorithmPlayground.app/AlgorithmPlayground";
			};
			name = Debug;
		};
		91F59E7B20089A0600F59938 /* Release */ = {
			isa = XCBuildConfiguration;
			buildSettings = {
				ALWAYS_EMBED_SWIFT_STANDARD_LIBRARIES = YES;
				BUNDLE_LOADER = "$(TEST_HOST)";
				CODE_SIGN_STYLE = Automatic;
				DEVELOPMENT_TEAM = M64UV7ECX7;
				INFOPLIST_FILE = AlgorithmPlaygroundTests/Info.plist;
				LD_RUNPATH_SEARCH_PATHS = "$(inherited) @executable_path/Frameworks @loader_path/Frameworks";
				PRODUCT_BUNDLE_IDENTIFIER = com.algorithm.AlgorithmPlaygroundTests;
				PRODUCT_NAME = "$(TARGET_NAME)";
				SWIFT_VERSION = 4.0;
				TARGETED_DEVICE_FAMILY = "1,2";
				TEST_HOST = "$(BUILT_PRODUCTS_DIR)/AlgorithmPlayground.app/AlgorithmPlayground";
			};
			name = Release;
		};
/* End XCBuildConfiguration section */

/* Begin XCConfigurationList section */
		91F59E5420089A0500F59938 /* Build configuration list for PBXProject "AlgorithmPlayground" */ = {
			isa = XCConfigurationList;
			buildConfigurations = (
				91F59E7420089A0600F59938 /* Debug */,
				91F59E7520089A0600F59938 /* Release */,
			);
			defaultConfigurationIsVisible = 0;
			defaultConfigurationName = Release;
		};
		91F59E7620089A0600F59938 /* Build configuration list for PBXNativeTarget "AlgorithmPlayground" */ = {
			isa = XCConfigurationList;
			buildConfigurations = (
				91F59E7720089A0600F59938 /* Debug */,
				91F59E7820089A0600F59938 /* Release */,
			);
			defaultConfigurationIsVisible = 0;
			defaultConfigurationName = Release;
		};
		91F59E7920089A0600F59938 /* Build configuration list for PBXNativeTarget "AlgorithmPlaygroundTests" */ = {
			isa = XCConfigurationList;
			buildConfigurations = (
				91F59E7A20089A0600F59938 /* Debug */,
				91F59E7B20089A0600F59938 /* Release */,
			);
			defaultConfigurationIsVisible = 0;
			defaultConfigurationName = Release;
		};
/* End XCConfigurationList section */
	};
	rootObject = 91F59E5120089A0500F59938 /* Project object */;
}
